# This file was autogenerated by uv via the following command:
#    uv pip compile pyproject.toml -o uv.lock
aiofiles==24.1.0
    # via workflow-use (pyproject.toml)
annotated-types==0.7.0
    # via pydantic
anthropic==0.52.2
    # via langchain-anthropic
anyio==4.9.0
    # via
    #   anthropic
    #   browser-use
    #   google-genai
    #   httpx
    #   mcp
    #   openai
    #   sse-starlette
    #   starlette
authlib==1.6.0
    # via fastmcp
backoff==2.2.1
    # via posthog
beautifulsoup4==4.13.4
    # via markdownify
boto3==1.38.29
    # via langchain-aws
botocore==1.38.29
    # via
    #   boto3
    #   s3transfer
browser-use==0.2.5
    # via workflow-use (pyproject.toml)
cachetools==5.5.2
    # via google-auth
certifi==2025.4.26
    # via
    #   httpcore
    #   httpx
    #   requests
cffi==1.17.1
    # via cryptography
charset-normalizer==3.4.2
    # via requests
click==8.2.1
    # via
    #   typer
    #   uvicorn
cryptography==45.0.3
    # via authlib
defusedxml==0.7.1
    # via langchain-anthropic
distro==1.9.0
    # via
    #   anthropic
    #   openai
    #   posthog
exceptiongroup==1.3.0
    # via fastmcp
faiss-cpu==1.11.0
    # via browser-use
fastapi==0.115.12
    # via workflow-use (pyproject.toml)
fastmcp==2.6.1
    # via workflow-use (pyproject.toml)
filetype==1.2.0
    # via langchain-google-genai
google-ai-generativelanguage==0.6.18
    # via langchain-google-genai
google-api-core==2.25.0
    # via
    #   browser-use
    #   google-ai-generativelanguage
google-auth==2.40.2
    # via
    #   google-ai-generativelanguage
    #   google-api-core
    #   google-genai
google-genai==1.18.0
    # via workflow-use (pyproject.toml)
googleapis-common-protos==1.70.0
    # via
    #   google-api-core
    #   grpcio-status
greenlet==3.2.2
    # via
    #   patchright
    #   playwright
    #   sqlalchemy
grpcio==1.72.1
    # via
    #   google-api-core
    #   grpcio-status
    #   qdrant-client
grpcio-status==1.72.1
    # via google-api-core
h11==0.16.0
    # via
    #   httpcore
    #   uvicorn
h2==4.2.0
    # via httpx
hpack==4.1.0
    # via h2
httpcore==1.0.9
    # via httpx
httpx==0.28.1
    # via
    #   anthropic
    #   browser-use
    #   fastmcp
    #   google-genai
    #   langsmith
    #   mcp
    #   ollama
    #   openai
    #   qdrant-client
httpx-sse==0.4.0
    # via mcp
hyperframe==6.1.0
    # via h2
idna==3.10
    # via
    #   anyio
    #   httpx
    #   requests
jiter==0.10.0
    # via
    #   anthropic
    #   openai
jmespath==1.0.1
    # via
    #   boto3
    #   botocore
jsonpatch==1.33
    # via langchain-core
jsonpointer==3.0.0
    # via jsonpatch
langchain==0.3.22
    # via browser-use
langchain-anthropic==0.3.3
    # via browser-use
langchain-aws==0.2.19
    # via browser-use
langchain-core==0.3.49
    # via
    #   browser-use
    #   langchain
    #   langchain-anthropic
    #   langchain-aws
    #   langchain-deepseek
    #   langchain-google-genai
    #   langchain-ollama
    #   langchain-openai
    #   langchain-text-splitters
langchain-deepseek==0.1.3
    # via browser-use
langchain-google-genai==2.1.2
    # via browser-use
langchain-ollama==0.3.0
    # via browser-use
langchain-openai==0.3.11
    # via
    #   browser-use
    #   langchain-deepseek
langchain-text-splitters==0.3.7
    # via langchain
langsmith==0.3.44
    # via
    #   langchain
    #   langchain-core
markdown-it-py==3.0.0
    # via rich
markdownify==1.1.0
    # via browser-use
mcp==1.9.2
    # via fastmcp
mdurl==0.1.2
    # via markdown-it-py
mem0ai==0.1.93
    # via browser-use
monotonic==1.6
    # via posthog
numpy==1.26.4
    # via
    #   faiss-cpu
    #   langchain-aws
    #   qdrant-client
ollama==0.5.1
    # via langchain-ollama
openai==1.84.0
    # via
    #   langchain-openai
    #   mem0ai
openapi-pydantic==0.5.1
    # via fastmcp
orjson==3.10.18
    # via langsmith
packaging==24.2
    # via
    #   faiss-cpu
    #   langchain-core
    #   langsmith
patchright==1.52.4
    # via browser-use
playwright==1.52.0
    # via browser-use
portalocker==2.10.1
    # via qdrant-client
posthog==3.25.0
    # via
    #   browser-use
    #   mem0ai
proto-plus==1.26.1
    # via
    #   google-ai-generativelanguage
    #   google-api-core
protobuf==6.31.1
    # via
    #   google-ai-generativelanguage
    #   google-api-core
    #   googleapis-common-protos
    #   grpcio-status
    #   proto-plus
    #   qdrant-client
psutil==7.0.0
    # via browser-use
psycopg2-binary==2.9.10
    # via mem0ai
pyasn1==0.6.1
    # via
    #   pyasn1-modules
    #   rsa
pyasn1-modules==0.4.2
    # via google-auth
pycparser==2.22
    # via cffi
pydantic==2.10.6
    # via
    #   anthropic
    #   browser-use
    #   fastapi
    #   google-genai
    #   langchain
    #   langchain-anthropic
    #   langchain-aws
    #   langchain-core
    #   langchain-google-genai
    #   langsmith
    #   mcp
    #   mem0ai
    #   ollama
    #   openai
    #   openapi-pydantic
    #   pydantic-settings
    #   qdrant-client
pydantic-core==2.27.2
    # via pydantic
pydantic-settings==2.9.1
    # via mcp
pyee==13.0.0
    # via
    #   patchright
    #   playwright
pygments==2.19.1
    # via rich
pyperclip==1.9.0
    # via browser-use
python-dateutil==2.9.0.post0
    # via
    #   botocore
    #   posthog
python-dotenv==1.1.0
    # via
    #   browser-use
    #   fastmcp
    #   pydantic-settings
python-multipart==0.0.20
    # via mcp
pytz==2024.2
    # via mem0ai
pyyaml==6.0.2
    # via
    #   langchain
    #   langchain-core
qdrant-client==1.14.2
    # via mem0ai
regex==2024.11.6
    # via tiktoken
requests==2.32.3
    # via
    #   browser-use
    #   google-api-core
    #   google-genai
    #   langchain
    #   langsmith
    #   posthog
    #   requests-toolbelt
    #   tiktoken
requests-toolbelt==1.0.0
    # via langsmith
rich==14.0.0
    # via
    #   fastmcp
    #   typer
rsa==4.9.1
    # via google-auth
s3transfer==0.13.0
    # via boto3
screeninfo==0.8.1
    # via browser-use
shellingham==1.5.4
    # via typer
six==1.17.0
    # via
    #   markdownify
    #   posthog
    #   python-dateutil
sniffio==1.3.1
    # via
    #   anthropic
    #   anyio
    #   openai
soupsieve==2.7
    # via beautifulsoup4
sqlalchemy==2.0.41
    # via
    #   langchain
    #   mem0ai
sse-starlette==2.3.6
    # via mcp
starlette==0.46.2
    # via
    #   fastapi
    #   mcp
tenacity==9.1.2
    # via langchain-core
tiktoken==0.9.0
    # via langchain-openai
tqdm==4.67.1
    # via openai
typer==0.16.0
    # via
    #   workflow-use (pyproject.toml)
    #   fastmcp
typing-extensions==4.14.0
    # via
    #   anthropic
    #   anyio
    #   beautifulsoup4
    #   browser-use
    #   exceptiongroup
    #   fastapi
    #   google-genai
    #   langchain-core
    #   openai
    #   pydantic
    #   pydantic-core
    #   pyee
    #   sqlalchemy
    #   typer
    #   typing-inspection
typing-inspection==0.4.1
    # via pydantic-settings
urllib3==2.4.0
    # via
    #   botocore
    #   qdrant-client
    #   requests
uuid7==0.1.0
    # via browser-use
uvicorn==0.34.3
    # via
    #   workflow-use (pyproject.toml)
    #   mcp
websockets==15.0.1
    # via
    #   fastmcp
    #   google-genai
zstandard==0.23.0
    # via langsmith
